
Microsoft Visual Studio Solution File, Format Version 12.00
# Visual Studio Version 17
VisualStudioVersion = 17.5.33414.496
MinimumVisualStudioVersion = 10.0.40219.1
Project("{8BC9CEB8-8B4A-11D0-8D11-00A0C91BC942}") = "SSMTFix", "SSMTFix\SSMTFix.vcxproj", "{F53FB0EE-85BE-4573-9C74-278CCA70D9CF}"
EndProject
Project("{8BC9CEB8-8B4A-11D0-8D11-00A0C91BC942}") = "sse-build-resources", "..\sse-build-resources\sse-build-resources.vcxproj", "{C59E5569-E3F3-4DA5-8313-12D90229B8C0}"
EndProject
Global
	GlobalSection(SolutionConfigurationPlatforms) = preSolution
		Debug|x64 = Debug|x64
		Debug|x86 = Debug|x86
		Release MD|x64 = Release MD|x64
		Release MD|x86 = Release MD|x86
		Release MT 143|x64 = Release MT 143|x64
		Release MT 143|x86 = Release MT 143|x86
		Release MT Debug 143|x64 = Release MT Debug 143|x64
		Release MT Debug 143|x86 = Release MT Debug 143|x86
		Release MT Debug|x64 = Release MT Debug|x64
		Release MT Debug|x86 = Release MT Debug|x86
		Release MT Perf 143|x64 = Release MT Perf 143|x64
		Release MT Perf 143|x86 = Release MT Perf 143|x86
		Release MT Perf|x64 = Release MT Perf|x64
		Release MT Perf|x86 = Release MT Perf|x86
		Release MT Post 629 143|x64 = Release MT Post 629 143|x64
		Release MT Post 629 143|x86 = Release MT Post 629 143|x86
		Release MT Post 629|x64 = Release MT Post 629|x64
		Release MT Post 629|x86 = Release MT Post 629|x86
		Release MT|x64 = Release MT|x64
		Release MT|x86 = Release MT|x86
		Release|x64 = Release|x64
		Release|x86 = Release|x86
	EndGlobalSection
	GlobalSection(ProjectConfigurationPlatforms) = postSolution
		{F53FB0EE-85BE-4573-9C74-278CCA70D9CF}.Debug|x64.ActiveCfg = Debug|x64
		{F53FB0EE-85BE-4573-9C74-278CCA70D9CF}.Debug|x64.Build.0 = Debug|x64
		{F53FB0EE-85BE-4573-9C74-278CCA70D9CF}.Debug|x86.ActiveCfg = Debug|Win32
		{F53FB0EE-85BE-4573-9C74-278CCA70D9CF}.Debug|x86.Build.0 = Debug|Win32
		{F53FB0EE-85BE-4573-9C74-278CCA70D9CF}.Release MD|x64.ActiveCfg = Release|x64
		{F53FB0EE-85BE-4573-9C74-278CCA70D9CF}.Release MD|x64.Build.0 = Release|x64
		{F53FB0EE-85BE-4573-9C74-278CCA70D9CF}.Release MD|x86.ActiveCfg = Release|Win32
		{F53FB0EE-85BE-4573-9C74-278CCA70D9CF}.Release MD|x86.Build.0 = Release|Win32
		{F53FB0EE-85BE-4573-9C74-278CCA70D9CF}.Release MT 143|x64.ActiveCfg = Release|x64
		{F53FB0EE-85BE-4573-9C74-278CCA70D9CF}.Release MT 143|x64.Build.0 = Release|x64
		{F53FB0EE-85BE-4573-9C74-278CCA70D9CF}.Release MT 143|x86.ActiveCfg = Release|Win32
		{F53FB0EE-85BE-4573-9C74-278CCA70D9CF}.Release MT 143|x86.Build.0 = Release|Win32
		{F53FB0EE-85BE-4573-9C74-278CCA70D9CF}.Release MT Debug 143|x64.ActiveCfg = Release|x64
		{F53FB0EE-85BE-4573-9C74-278CCA70D9CF}.Release MT Debug 143|x64.Build.0 = Release|x64
		{F53FB0EE-85BE-4573-9C74-278CCA70D9CF}.Release MT Debug 143|x86.ActiveCfg = Release|Win32
		{F53FB0EE-85BE-4573-9C74-278CCA70D9CF}.Release MT Debug 143|x86.Build.0 = Release|Win32
		{F53FB0EE-85BE-4573-9C74-278CCA70D9CF}.Release MT Debug|x64.ActiveCfg = Release|x64
		{F53FB0EE-85BE-4573-9C74-278CCA70D9CF}.Release MT Debug|x64.Build.0 = Release|x64
		{F53FB0EE-85BE-4573-9C74-278CCA70D9CF}.Release MT Debug|x86.ActiveCfg = Release|Win32
		{F53FB0EE-85BE-4573-9C74-278CCA70D9CF}.Release MT Debug|x86.Build.0 = Release|Win32
		{F53FB0EE-85BE-4573-9C74-278CCA70D9CF}.Release MT Perf 143|x64.ActiveCfg = Release|x64
		{F53FB0EE-85BE-4573-9C74-278CCA70D9CF}.Release MT Perf 143|x64.Build.0 = Release|x64
		{F53FB0EE-85BE-4573-9C74-278CCA70D9CF}.Release MT Perf 143|x86.ActiveCfg = Release|Win32
		{F53FB0EE-85BE-4573-9C74-278CCA70D9CF}.Release MT Perf 143|x86.Build.0 = Release|Win32
		{F53FB0EE-85BE-4573-9C74-278CCA70D9CF}.Release MT Perf|x64.ActiveCfg = Release|x64
		{F53FB0EE-85BE-4573-9C74-278CCA70D9CF}.Release MT Perf|x64.Build.0 = Release|x64
		{F53FB0EE-85BE-4573-9C74-278CCA70D9CF}.Release MT Perf|x86.ActiveCfg = Release|Win32
		{F53FB0EE-85BE-4573-9C74-278CCA70D9CF}.Release MT Perf|x86.Build.0 = Release|Win32
		{F53FB0EE-85BE-4573-9C74-278CCA70D9CF}.Release MT Post 629 143|x64.ActiveCfg = Release|x64
		{F53FB0EE-85BE-4573-9C74-278CCA70D9CF}.Release MT Post 629 143|x64.Build.0 = Release|x64
		{F53FB0EE-85BE-4573-9C74-278CCA70D9CF}.Release MT Post 629 143|x86.ActiveCfg = Release|Win32
		{F53FB0EE-85BE-4573-9C74-278CCA70D9CF}.Release MT Post 629 143|x86.Build.0 = Release|Win32
		{F53FB0EE-85BE-4573-9C74-278CCA70D9CF}.Release MT Post 629|x64.ActiveCfg = Release|x64
		{F53FB0EE-85BE-4573-9C74-278CCA70D9CF}.Release MT Post 629|x64.Build.0 = Release|x64
		{F53FB0EE-85BE-4573-9C74-278CCA70D9CF}.Release MT Post 629|x86.ActiveCfg = Release|Win32
		{F53FB0EE-85BE-4573-9C74-278CCA70D9CF}.Release MT Post 629|x86.Build.0 = Release|Win32
		{F53FB0EE-85BE-4573-9C74-278CCA70D9CF}.Release MT|x64.ActiveCfg = Release|x64
		{F53FB0EE-85BE-4573-9C74-278CCA70D9CF}.Release MT|x64.Build.0 = Release|x64
		{F53FB0EE-85BE-4573-9C74-278CCA70D9CF}.Release MT|x86.ActiveCfg = Release|Win32
		{F53FB0EE-85BE-4573-9C74-278CCA70D9CF}.Release MT|x86.Build.0 = Release|Win32
		{F53FB0EE-85BE-4573-9C74-278CCA70D9CF}.Release|x64.ActiveCfg = Release|x64
		{F53FB0EE-85BE-4573-9C74-278CCA70D9CF}.Release|x64.Build.0 = Release|x64
		{F53FB0EE-85BE-4573-9C74-278CCA70D9CF}.Release|x86.ActiveCfg = Release|Win32
		{F53FB0EE-85BE-4573-9C74-278CCA70D9CF}.Release|x86.Build.0 = Release|Win32
		{C59E5569-E3F3-4DA5-8313-12D90229B8C0}.Debug|x64.ActiveCfg = Debug|x64
		{C59E5569-E3F3-4DA5-8313-12D90229B8C0}.Debug|x64.Build.0 = Debug|x64
		{C59E5569-E3F3-4DA5-8313-12D90229B8C0}.Debug|x86.ActiveCfg = Debug|x64
		{C59E5569-E3F3-4DA5-8313-12D90229B8C0}.Debug|x86.Build.0 = Debug|x64
		{C59E5569-E3F3-4DA5-8313-12D90229B8C0}.Release MD|x64.ActiveCfg = Release MD|x64
		{C59E5569-E3F3-4DA5-8313-12D90229B8C0}.Release MD|x64.Build.0 = Release MD|x64
		{C59E5569-E3F3-4DA5-8313-12D90229B8C0}.Release MD|x86.ActiveCfg = Release MD|x64
		{C59E5569-E3F3-4DA5-8313-12D90229B8C0}.Release MD|x86.Build.0 = Release MD|x64
		{C59E5569-E3F3-4DA5-8313-12D90229B8C0}.Release MT 143|x64.ActiveCfg = Release MT 143|x64
		{C59E5569-E3F3-4DA5-8313-12D90229B8C0}.Release MT 143|x64.Build.0 = Release MT 143|x64
		{C59E5569-E3F3-4DA5-8313-12D90229B8C0}.Release MT 143|x86.ActiveCfg = Release MT 143|x64
		{C59E5569-E3F3-4DA5-8313-12D90229B8C0}.Release MT 143|x86.Build.0 = Release MT 143|x64
		{C59E5569-E3F3-4DA5-8313-12D90229B8C0}.Release MT Debug 143|x64.ActiveCfg = Release MT Debug 143|x64
		{C59E5569-E3F3-4DA5-8313-12D90229B8C0}.Release MT Debug 143|x64.Build.0 = Release MT Debug 143|x64
		{C59E5569-E3F3-4DA5-8313-12D90229B8C0}.Release MT Debug 143|x86.ActiveCfg = Release MT Debug 143|x64
		{C59E5569-E3F3-4DA5-8313-12D90229B8C0}.Release MT Debug 143|x86.Build.0 = Release MT Debug 143|x64
		{C59E5569-E3F3-4DA5-8313-12D90229B8C0}.Release MT Debug|x64.ActiveCfg = Release MT Debug|x64
		{C59E5569-E3F3-4DA5-8313-12D90229B8C0}.Release MT Debug|x64.Build.0 = Release MT Debug|x64
		{C59E5569-E3F3-4DA5-8313-12D90229B8C0}.Release MT Debug|x86.ActiveCfg = Release MT Debug|x64
		{C59E5569-E3F3-4DA5-8313-12D90229B8C0}.Release MT Debug|x86.Build.0 = Release MT Debug|x64
		{C59E5569-E3F3-4DA5-8313-12D90229B8C0}.Release MT Perf 143|x64.ActiveCfg = Release MT Perf 143|x64
		{C59E5569-E3F3-4DA5-8313-12D90229B8C0}.Release MT Perf 143|x64.Build.0 = Release MT Perf 143|x64
		{C59E5569-E3F3-4DA5-8313-12D90229B8C0}.Release MT Perf 143|x86.ActiveCfg = Release MT Perf 143|x64
		{C59E5569-E3F3-4DA5-8313-12D90229B8C0}.Release MT Perf 143|x86.Build.0 = Release MT Perf 143|x64
		{C59E5569-E3F3-4DA5-8313-12D90229B8C0}.Release MT Perf|x64.ActiveCfg = Release MT Perf|x64
		{C59E5569-E3F3-4DA5-8313-12D90229B8C0}.Release MT Perf|x64.Build.0 = Release MT Perf|x64
		{C59E5569-E3F3-4DA5-8313-12D90229B8C0}.Release MT Perf|x86.ActiveCfg = Release MT Perf|x64
		{C59E5569-E3F3-4DA5-8313-12D90229B8C0}.Release MT Perf|x86.Build.0 = Release MT Perf|x64
		{C59E5569-E3F3-4DA5-8313-12D90229B8C0}.Release MT Post 629 143|x64.ActiveCfg = Release MT Post 629 143|x64
		{C59E5569-E3F3-4DA5-8313-12D90229B8C0}.Release MT Post 629 143|x64.Build.0 = Release MT Post 629 143|x64
		{C59E5569-E3F3-4DA5-8313-12D90229B8C0}.Release MT Post 629 143|x86.ActiveCfg = Release MT Post 629 143|x64
		{C59E5569-E3F3-4DA5-8313-12D90229B8C0}.Release MT Post 629 143|x86.Build.0 = Release MT Post 629 143|x64
		{C59E5569-E3F3-4DA5-8313-12D90229B8C0}.Release MT Post 629|x64.ActiveCfg = Release MT Post 629|x64
		{C59E5569-E3F3-4DA5-8313-12D90229B8C0}.Release MT Post 629|x64.Build.0 = Release MT Post 629|x64
		{C59E5569-E3F3-4DA5-8313-12D90229B8C0}.Release MT Post 629|x86.ActiveCfg = Release MT Post 629|x64
		{C59E5569-E3F3-4DA5-8313-12D90229B8C0}.Release MT Post 629|x86.Build.0 = Release MT Post 629|x64
		{C59E5569-E3F3-4DA5-8313-12D90229B8C0}.Release MT|x64.ActiveCfg = Release MT|x64
		{C59E5569-E3F3-4DA5-8313-12D90229B8C0}.Release MT|x64.Build.0 = Release MT|x64
		{C59E5569-E3F3-4DA5-8313-12D90229B8C0}.Release MT|x86.ActiveCfg = Release MT|x64
		{C59E5569-E3F3-4DA5-8313-12D90229B8C0}.Release MT|x86.Build.0 = Release MT|x64
		{C59E5569-E3F3-4DA5-8313-12D90229B8C0}.Release|x64.ActiveCfg = Release MT 143|x64
		{C59E5569-E3F3-4DA5-8313-12D90229B8C0}.Release|x64.Build.0 = Release MT 143|x64
		{C59E5569-E3F3-4DA5-8313-12D90229B8C0}.Release|x86.ActiveCfg = Release MT Debug|x64
		{C59E5569-E3F3-4DA5-8313-12D90229B8C0}.Release|x86.Build.0 = Release MT Debug|x64
	EndGlobalSection
	GlobalSection(SolutionProperties) = preSolution
		HideSolutionNode = FALSE
	EndGlobalSection
	GlobalSection(ExtensibilityGlobals) = postSolution
		SolutionGuid = {2470C5DF-F373-46C0-BBBB-D8C1CBE25AEB}
	EndGlobalSection
EndGlobal
